
Microsoft Visual Studio Solution File, Format Version 12.00
# Visual Studio 14
VisualStudioVersion = 14.0.23107.0
MinimumVisualStudioVersion = 10.0.40219.1
Project("{E24C65DC-7377-472B-9ABA-BC803B73C61A}") = "block-explorer", ".", "{2DD72A7C-583B-4768-9900-4239BD4DB511}"
	ProjectSection(WebsiteProperties) = preProject
		TargetFrameworkMoniker = ".NETFramework,Version%3Dv4.0"
		Debug.AspNetCompiler.VirtualPath = "/localhost_50503"
		Debug.AspNetCompiler.PhysicalPath = "..\block-explorer\"
		Debug.AspNetCompiler.TargetPath = "PrecompiledWeb\localhost_50503\"
		Debug.AspNetCompiler.Updateable = "true"
		Debug.AspNetCompiler.ForceOverwrite = "true"
		Debug.AspNetCompiler.FixedNames = "false"
		Debug.AspNetCompiler.Debug = "True"
		Release.AspNetCompiler.VirtualPath = "/localhost_50503"
		Release.AspNetCompiler.PhysicalPath = "..\block-explorer\"
		Release.AspNetCompiler.TargetPath = "PrecompiledWeb\localhost_50503\"
		Release.AspNetCompiler.Updateable = "true"
		Release.AspNetCompiler.ForceOverwrite = "true"
		Release.AspNetCompiler.FixedNames = "false"
		Release.AspNetCompiler.Debug = "False"
		VWDPort = "50503"
		SlnRelativePath = "..\block-explorer\"
	EndProjectSection
EndProject
Global
	GlobalSection(SolutionConfigurationPlatforms) = preSolution
		Debug|Any CPU = Debug|Any CPU
	EndGlobalSection
	GlobalSection(ProjectConfigurationPlatforms) = postSolution
		{2DD72A7C-583B-4768-9900-4239BD4DB511}.Debug|Any CPU.ActiveCfg = Debug|Any CPU
		{2DD72A7C-583B-4768-9900-4239BD4DB511}.Debug|Any CPU.Build.0 = Debug|Any CPU
	EndGlobalSection
	GlobalSection(SolutionProperties) = preSolution
		HideSolutionNode = FALSE
	EndGlobalSection
EndGlobal
